{
  "name": "belajar-nodejs-npm",
  "version": "1.0.0",
  "lockfileVersion": 3,
  "requires": true,
  "packages": {
    "": {
      "name": "belajar-nodejs-npm",
      "version": "1.0.0",
      "license": "ISC",
      "dependencies": {
        "learn_create_library_nodejs": "^1.0.0",
        "lodash": "4.x"
      },
      "devDependencies": {
        "moment": "2.x"
      }
    },
    "node_modules/learn_create_library_nodejs": {
      "version": "1.0.0",
      "resolved": "https://registry.npmjs.org/learn_create_library_nodejs/-/learn_create_library_nodejs-1.0.0.tgz",
      "integrity": "sha512-vJv3ygycFykjxSrxP1rugTE7hMraSgSoGQaGKFvm7dzp6nLF7PQwe9VkL5qSj9v3eShnxFZFkGgvkTb18PYsqA=="
    },
    "node_modules/lodash": {
      "version": "4.15.0",
      "resolved": "https://registry.npmjs.org/lodash/-/lodash-4.15.0.tgz",
      "integrity": "sha512-/XM2P+O3xDTOR/CrI4ZqqzgC3tFOLfn2sUIIKN9CYI3YmZnZ9QcElpYh0MHiHXMNJLWwbVxkCaO6zFGS97Xj0g=="
    },
    "node_modules/moment": {
      "version": "2.29.4",
      "resolved": "https://registry.npmjs.org/moment/-/moment-2.29.4.tgz",
      "integrity": "sha512-5LC9SOxjSc2HF6vO2CyuTDNivEdoz2IvyJJGj6X8DJ0eFyfszE0QiEd+iXmBvUP3WHxSjFH/vIsA0EN00cgr8w==",
      "dev": true,
      "engines": {
        "node": "*"
      }
    }
  }
}
